
Microsoft Visual Studio Solution File, Format Version 12.00
# Visual Studio 15
VisualStudioVersion = 15.0.26430.14
MinimumVisualStudioVersion = 10.0.40219.1
Project("{FAE04EC0-301F-11D3-BF4B-00C04F79EFBC}") = "DemoNotification.Android", "DemoNotification\DemoNotification.Android\DemoNotification.Android.csproj", "{42B3BE78-ADD3-4AB9-8513-039C6C8BFE04}"
EndProject
Project("{FAE04EC0-301F-11D3-BF4B-00C04F79EFBC}") = "DemoNotification", "DemoNotification\DemoNotification\DemoNotification.csproj", "{1F69AD48-4C64-4F50-9FD8-5E2BF32453DA}"
EndProject
Project("{FAE04EC0-301F-11D3-BF4B-00C04F79EFBC}") = "DemoNotification.UWP", "DemoNotification\DemoNotification.UWP\DemoNotification.UWP.csproj", "{86EEF1B2-806C-40C9-81C7-FB6E0BA1550B}"
EndProject
Project("{FAE04EC0-301F-11D3-BF4B-00C04F79EFBC}") = "DemoNotification.iOS", "DemoNotification\DemoNotification.iOS\DemoNotification.iOS.csproj", "{08A9B3B7-D16A-4930-B363-E82103E2E3AB}"
EndProject
Global
	GlobalSection(SolutionConfigurationPlatforms) = preSolution
		Ad-Hoc|Any CPU = Ad-Hoc|Any CPU
		Ad-Hoc|ARM = Ad-Hoc|ARM
		Ad-Hoc|iPhone = Ad-Hoc|iPhone
		Ad-Hoc|iPhoneSimulator = Ad-Hoc|iPhoneSimulator
		Ad-Hoc|x64 = Ad-Hoc|x64
		Ad-Hoc|x86 = Ad-Hoc|x86
		AppStore|Any CPU = AppStore|Any CPU
		AppStore|ARM = AppStore|ARM
		AppStore|iPhone = AppStore|iPhone
		AppStore|iPhoneSimulator = AppStore|iPhoneSimulator
		AppStore|x64 = AppStore|x64
		AppStore|x86 = AppStore|x86
		Debug|Any CPU = Debug|Any CPU
		Debug|ARM = Debug|ARM
		Debug|iPhone = Debug|iPhone
		Debug|iPhoneSimulator = Debug|iPhoneSimulator
		Debug|x64 = Debug|x64
		Debug|x86 = Debug|x86
		Release|Any CPU = Release|Any CPU
		Release|ARM = Release|ARM
		Release|iPhone = Release|iPhone
		Release|iPhoneSimulator = Release|iPhoneSimulator
		Release|x64 = Release|x64
		Release|x86 = Release|x86
	EndGlobalSection
	GlobalSection(ProjectConfigurationPlatforms) = postSolution
		{42B3BE78-ADD3-4AB9-8513-039C6C8BFE04}.Ad-Hoc|Any CPU.ActiveCfg = Release|Any CPU
		{42B3BE78-ADD3-4AB9-8513-039C6C8BFE04}.Ad-Hoc|Any CPU.Build.0 = Release|Any CPU
		{42B3BE78-ADD3-4AB9-8513-039C6C8BFE04}.Ad-Hoc|Any CPU.Deploy.0 = Release|Any CPU
		{42B3BE78-ADD3-4AB9-8513-039C6C8BFE04}.Ad-Hoc|ARM.ActiveCfg = Release|Any CPU
		{42B3BE78-ADD3-4AB9-8513-039C6C8BFE04}.Ad-Hoc|ARM.Build.0 = Release|Any CPU
		{42B3BE78-ADD3-4AB9-8513-039C6C8BFE04}.Ad-Hoc|ARM.Deploy.0 = Release|Any CPU
		{42B3BE78-ADD3-4AB9-8513-039C6C8BFE04}.Ad-Hoc|iPhone.ActiveCfg = Release|Any CPU
		{42B3BE78-ADD3-4AB9-8513-039C6C8BFE04}.Ad-Hoc|iPhone.Build.0 = Release|Any CPU
		{42B3BE78-ADD3-4AB9-8513-039C6C8BFE04}.Ad-Hoc|iPhone.Deploy.0 = Release|Any CPU
		{42B3BE78-ADD3-4AB9-8513-039C6C8BFE04}.Ad-Hoc|iPhoneSimulator.ActiveCfg = Release|Any CPU
		{42B3BE78-ADD3-4AB9-8513-039C6C8BFE04}.Ad-Hoc|iPhoneSimulator.Build.0 = Release|Any CPU
		{42B3BE78-ADD3-4AB9-8513-039C6C8BFE04}.Ad-Hoc|iPhoneSimulator.Deploy.0 = Release|Any CPU
		{42B3BE78-ADD3-4AB9-8513-039C6C8BFE04}.Ad-Hoc|x64.ActiveCfg = Release|Any CPU
		{42B3BE78-ADD3-4AB9-8513-039C6C8BFE04}.Ad-Hoc|x64.Build.0 = Release|Any CPU
		{42B3BE78-ADD3-4AB9-8513-039C6C8BFE04}.Ad-Hoc|x64.Deploy.0 = Release|Any CPU
		{42B3BE78-ADD3-4AB9-8513-039C6C8BFE04}.Ad-Hoc|x86.ActiveCfg = Release|Any CPU
		{42B3BE78-ADD3-4AB9-8513-039C6C8BFE04}.Ad-Hoc|x86.Build.0 = Release|Any CPU
		{42B3BE78-ADD3-4AB9-8513-039C6C8BFE04}.Ad-Hoc|x86.Deploy.0 = Release|Any CPU
		{42B3BE78-ADD3-4AB9-8513-039C6C8BFE04}.AppStore|Any CPU.ActiveCfg = Release|Any CPU
		{42B3BE78-ADD3-4AB9-8513-039C6C8BFE04}.AppStore|Any CPU.Build.0 = Release|Any CPU
		{42B3BE78-ADD3-4AB9-8513-039C6C8BFE04}.AppStore|Any CPU.Deploy.0 = Release|Any CPU
		{42B3BE78-ADD3-4AB9-8513-039C6C8BFE04}.AppStore|ARM.ActiveCfg = Release|Any CPU
		{42B3BE78-ADD3-4AB9-8513-039C6C8BFE04}.AppStore|ARM.Build.0 = Release|Any CPU
		{42B3BE78-ADD3-4AB9-8513-039C6C8BFE04}.AppStore|ARM.Deploy.0 = Release|Any CPU
		{42B3BE78-ADD3-4AB9-8513-039C6C8BFE04}.AppStore|iPhone.ActiveCfg = Release|Any CPU
		{42B3BE78-ADD3-4AB9-8513-039C6C8BFE04}.AppStore|iPhone.Build.0 = Release|Any CPU
		{42B3BE78-ADD3-4AB9-8513-039C6C8BFE04}.AppStore|iPhone.Deploy.0 = Release|Any CPU
		{42B3BE78-ADD3-4AB9-8513-039C6C8BFE04}.AppStore|iPhoneSimulator.ActiveCfg = Release|Any CPU
		{42B3BE78-ADD3-4AB9-8513-039C6C8BFE04}.AppStore|iPhoneSimulator.Build.0 = Release|Any CPU
		{42B3BE78-ADD3-4AB9-8513-039C6C8BFE04}.AppStore|iPhoneSimulator.Deploy.0 = Release|Any CPU
		{42B3BE78-ADD3-4AB9-8513-039C6C8BFE04}.AppStore|x64.ActiveCfg = Release|Any CPU
		{42B3BE78-ADD3-4AB9-8513-039C6C8BFE04}.AppStore|x64.Build.0 = Release|Any CPU
		{42B3BE78-ADD3-4AB9-8513-039C6C8BFE04}.AppStore|x64.Deploy.0 = Release|Any CPU
		{42B3BE78-ADD3-4AB9-8513-039C6C8BFE04}.AppStore|x86.ActiveCfg = Release|Any CPU
		{42B3BE78-ADD3-4AB9-8513-039C6C8BFE04}.AppStore|x86.Build.0 = Release|Any CPU
		{42B3BE78-ADD3-4AB9-8513-039C6C8BFE04}.AppStore|x86.Deploy.0 = Release|Any CPU
		{42B3BE78-ADD3-4AB9-8513-039C6C8BFE04}.Debug|Any CPU.ActiveCfg = Debug|Any CPU
		{42B3BE78-ADD3-4AB9-8513-039C6C8BFE04}.Debug|Any CPU.Build.0 = Debug|Any CPU
		{42B3BE78-ADD3-4AB9-8513-039C6C8BFE04}.Debug|Any CPU.Deploy.0 = Debug|Any CPU
		{42B3BE78-ADD3-4AB9-8513-039C6C8BFE04}.Debug|ARM.ActiveCfg = Debug|Any CPU
		{42B3BE78-ADD3-4AB9-8513-039C6C8BFE04}.Debug|ARM.Build.0 = Debug|Any CPU
		{42B3BE78-ADD3-4AB9-8513-039C6C8BFE04}.Debug|ARM.Deploy.0 = Debug|Any CPU
		{42B3BE78-ADD3-4AB9-8513-039C6C8BFE04}.Debug|iPhone.ActiveCfg = Debug|Any CPU
		{42B3BE78-ADD3-4AB9-8513-039C6C8BFE04}.Debug|iPhone.Build.0 = Debug|Any CPU
		{42B3BE78-ADD3-4AB9-8513-039C6C8BFE04}.Debug|iPhone.Deploy.0 = Debug|Any CPU
		{42B3BE78-ADD3-4AB9-8513-039C6C8BFE04}.Debug|iPhoneSimulator.ActiveCfg = Debug|Any CPU
		{42B3BE78-ADD3-4AB9-8513-039C6C8BFE04}.Debug|iPhoneSimulator.Build.0 = Debug|Any CPU
		{42B3BE78-ADD3-4AB9-8513-039C6C8BFE04}.Debug|iPhoneSimulator.Deploy.0 = Debug|Any CPU
		{42B3BE78-ADD3-4AB9-8513-039C6C8BFE04}.Debug|x64.ActiveCfg = Debug|Any CPU
		{42B3BE78-ADD3-4AB9-8513-039C6C8BFE04}.Debug|x64.Build.0 = Debug|Any CPU
		{42B3BE78-ADD3-4AB9-8513-039C6C8BFE04}.Debug|x64.Deploy.0 = Debug|Any CPU
		{42B3BE78-ADD3-4AB9-8513-039C6C8BFE04}.Debug|x86.ActiveCfg = Debug|Any CPU
		{42B3BE78-ADD3-4AB9-8513-039C6C8BFE04}.Debug|x86.Build.0 = Debug|Any CPU
		{42B3BE78-ADD3-4AB9-8513-039C6C8BFE04}.Debug|x86.Deploy.0 = Debug|Any CPU
		{42B3BE78-ADD3-4AB9-8513-039C6C8BFE04}.Release|Any CPU.ActiveCfg = Release|Any CPU
		{42B3BE78-ADD3-4AB9-8513-039C6C8BFE04}.Release|Any CPU.Build.0 = Release|Any CPU
		{42B3BE78-ADD3-4AB9-8513-039C6C8BFE04}.Release|Any CPU.Deploy.0 = Release|Any CPU
		{42B3BE78-ADD3-4AB9-8513-039C6C8BFE04}.Release|ARM.ActiveCfg = Release|Any CPU
		{42B3BE78-ADD3-4AB9-8513-039C6C8BFE04}.Release|ARM.Build.0 = Release|Any CPU
		{42B3BE78-ADD3-4AB9-8513-039C6C8BFE04}.Release|ARM.Deploy.0 = Release|Any CPU
		{42B3BE78-ADD3-4AB9-8513-039C6C8BFE04}.Release|iPhone.ActiveCfg = Release|Any CPU
		{42B3BE78-ADD3-4AB9-8513-039C6C8BFE04}.Release|iPhone.Build.0 = Release|Any CPU
		{42B3BE78-ADD3-4AB9-8513-039C6C8BFE04}.Release|iPhone.Deploy.0 = Release|Any CPU
		{42B3BE78-ADD3-4AB9-8513-039C6C8BFE04}.Release|iPhoneSimulator.ActiveCfg = Release|Any CPU
		{42B3BE78-ADD3-4AB9-8513-039C6C8BFE04}.Release|iPhoneSimulator.Build.0 = Release|Any CPU
		{42B3BE78-ADD3-4AB9-8513-039C6C8BFE04}.Release|iPhoneSimulator.Deploy.0 = Release|Any CPU
		{42B3BE78-ADD3-4AB9-8513-039C6C8BFE04}.Release|x64.ActiveCfg = Release|Any CPU
		{42B3BE78-ADD3-4AB9-8513-039C6C8BFE04}.Release|x64.Build.0 = Release|Any CPU
		{42B3BE78-ADD3-4AB9-8513-039C6C8BFE04}.Release|x64.Deploy.0 = Release|Any CPU
		{42B3BE78-ADD3-4AB9-8513-039C6C8BFE04}.Release|x86.ActiveCfg = Release|Any CPU
		{42B3BE78-ADD3-4AB9-8513-039C6C8BFE04}.Release|x86.Build.0 = Release|Any CPU
		{42B3BE78-ADD3-4AB9-8513-039C6C8BFE04}.Release|x86.Deploy.0 = Release|Any CPU
		{1F69AD48-4C64-4F50-9FD8-5E2BF32453DA}.Ad-Hoc|Any CPU.ActiveCfg = Release|Any CPU
		{1F69AD48-4C64-4F50-9FD8-5E2BF32453DA}.Ad-Hoc|Any CPU.Build.0 = Release|Any CPU
		{1F69AD48-4C64-4F50-9FD8-5E2BF32453DA}.Ad-Hoc|ARM.ActiveCfg = Release|Any CPU
		{1F69AD48-4C64-4F50-9FD8-5E2BF32453DA}.Ad-Hoc|ARM.Build.0 = Release|Any CPU
		{1F69AD48-4C64-4F50-9FD8-5E2BF32453DA}.Ad-Hoc|iPhone.ActiveCfg = Release|Any CPU
		{1F69AD48-4C64-4F50-9FD8-5E2BF32453DA}.Ad-Hoc|iPhone.Build.0 = Release|Any CPU
		{1F69AD48-4C64-4F50-9FD8-5E2BF32453DA}.Ad-Hoc|iPhoneSimulator.ActiveCfg = Release|Any CPU
		{1F69AD48-4C64-4F50-9FD8-5E2BF32453DA}.Ad-Hoc|iPhoneSimulator.Build.0 = Release|Any CPU
		{1F69AD48-4C64-4F50-9FD8-5E2BF32453DA}.Ad-Hoc|x64.ActiveCfg = Release|Any CPU
		{1F69AD48-4C64-4F50-9FD8-5E2BF32453DA}.Ad-Hoc|x64.Build.0 = Release|Any CPU
		{1F69AD48-4C64-4F50-9FD8-5E2BF32453DA}.Ad-Hoc|x86.ActiveCfg = Release|Any CPU
		{1F69AD48-4C64-4F50-9FD8-5E2BF32453DA}.Ad-Hoc|x86.Build.0 = Release|Any CPU
		{1F69AD48-4C64-4F50-9FD8-5E2BF32453DA}.AppStore|Any CPU.ActiveCfg = Release|Any CPU
		{1F69AD48-4C64-4F50-9FD8-5E2BF32453DA}.AppStore|Any CPU.Build.0 = Release|Any CPU
		{1F69AD48-4C64-4F50-9FD8-5E2BF32453DA}.AppStore|ARM.ActiveCfg = Release|Any CPU
		{1F69AD48-4C64-4F50-9FD8-5E2BF32453DA}.AppStore|ARM.Build.0 = Release|Any CPU
		{1F69AD48-4C64-4F50-9FD8-5E2BF32453DA}.AppStore|iPhone.ActiveCfg = Release|Any CPU
		{1F69AD48-4C64-4F50-9FD8-5E2BF32453DA}.AppStore|iPhone.Build.0 = Release|Any CPU
		{1F69AD48-4C64-4F50-9FD8-5E2BF32453DA}.AppStore|iPhoneSimulator.ActiveCfg = Release|Any CPU
		{1F69AD48-4C64-4F50-9FD8-5E2BF32453DA}.AppStore|iPhoneSimulator.Build.0 = Release|Any CPU
		{1F69AD48-4C64-4F50-9FD8-5E2BF32453DA}.AppStore|x64.ActiveCfg = Release|Any CPU
		{1F69AD48-4C64-4F50-9FD8-5E2BF32453DA}.AppStore|x64.Build.0 = Release|Any CPU
		{1F69AD48-4C64-4F50-9FD8-5E2BF32453DA}.AppStore|x86.ActiveCfg = Release|Any CPU
		{1F69AD48-4C64-4F50-9FD8-5E2BF32453DA}.AppStore|x86.Build.0 = Release|Any CPU
		{1F69AD48-4C64-4F50-9FD8-5E2BF32453DA}.Debug|Any CPU.ActiveCfg = Debug|Any CPU
		{1F69AD48-4C64-4F50-9FD8-5E2BF32453DA}.Debug|Any CPU.Build.0 = Debug|Any CPU
		{1F69AD48-4C64-4F50-9FD8-5E2BF32453DA}.Debug|ARM.ActiveCfg = Debug|Any CPU
		{1F69AD48-4C64-4F50-9FD8-5E2BF32453DA}.Debug|ARM.Build.0 = Debug|Any CPU
		{1F69AD48-4C64-4F50-9FD8-5E2BF32453DA}.Debug|iPhone.ActiveCfg = Debug|Any CPU
		{1F69AD48-4C64-4F50-9FD8-5E2BF32453DA}.Debug|iPhone.Build.0 = Debug|Any CPU
		{1F69AD48-4C64-4F50-9FD8-5E2BF32453DA}.Debug|iPhoneSimulator.ActiveCfg = Debug|Any CPU
		{1F69AD48-4C64-4F50-9FD8-5E2BF32453DA}.Debug|iPhoneSimulator.Build.0 = Debug|Any CPU
		{1F69AD48-4C64-4F50-9FD8-5E2BF32453DA}.Debug|x64.ActiveCfg = Debug|Any CPU
		{1F69AD48-4C64-4F50-9FD8-5E2BF32453DA}.Debug|x64.Build.0 = Debug|Any CPU
		{1F69AD48-4C64-4F50-9FD8-5E2BF32453DA}.Debug|x86.ActiveCfg = Debug|Any CPU
		{1F69AD48-4C64-4F50-9FD8-5E2BF32453DA}.Debug|x86.Build.0 = Debug|Any CPU
		{1F69AD48-4C64-4F50-9FD8-5E2BF32453DA}.Release|Any CPU.ActiveCfg = Release|Any CPU
		{1F69AD48-4C64-4F50-9FD8-5E2BF32453DA}.Release|Any CPU.Build.0 = Release|Any CPU
		{1F69AD48-4C64-4F50-9FD8-5E2BF32453DA}.Release|ARM.ActiveCfg = Release|Any CPU
		{1F69AD48-4C64-4F50-9FD8-5E2BF32453DA}.Release|ARM.Build.0 = Release|Any CPU
		{1F69AD48-4C64-4F50-9FD8-5E2BF32453DA}.Release|iPhone.ActiveCfg = Release|Any CPU
		{1F69AD48-4C64-4F50-9FD8-5E2BF32453DA}.Release|iPhone.Build.0 = Release|Any CPU
		{1F69AD48-4C64-4F50-9FD8-5E2BF32453DA}.Release|iPhoneSimulator.ActiveCfg = Release|Any CPU
		{1F69AD48-4C64-4F50-9FD8-5E2BF32453DA}.Release|iPhoneSimulator.Build.0 = Release|Any CPU
		{1F69AD48-4C64-4F50-9FD8-5E2BF32453DA}.Release|x64.ActiveCfg = Release|Any CPU
		{1F69AD48-4C64-4F50-9FD8-5E2BF32453DA}.Release|x64.Build.0 = Release|Any CPU
		{1F69AD48-4C64-4F50-9FD8-5E2BF32453DA}.Release|x86.ActiveCfg = Release|Any CPU
		{1F69AD48-4C64-4F50-9FD8-5E2BF32453DA}.Release|x86.Build.0 = Release|Any CPU
		{86EEF1B2-806C-40C9-81C7-FB6E0BA1550B}.Ad-Hoc|Any CPU.ActiveCfg = Release|x86
		{86EEF1B2-806C-40C9-81C7-FB6E0BA1550B}.Ad-Hoc|Any CPU.Build.0 = Release|x86
		{86EEF1B2-806C-40C9-81C7-FB6E0BA1550B}.Ad-Hoc|Any CPU.Deploy.0 = Release|x86
		{86EEF1B2-806C-40C9-81C7-FB6E0BA1550B}.Ad-Hoc|ARM.ActiveCfg = Release|ARM
		{86EEF1B2-806C-40C9-81C7-FB6E0BA1550B}.Ad-Hoc|ARM.Build.0 = Release|ARM
		{86EEF1B2-806C-40C9-81C7-FB6E0BA1550B}.Ad-Hoc|ARM.Deploy.0 = Release|ARM
		{86EEF1B2-806C-40C9-81C7-FB6E0BA1550B}.Ad-Hoc|iPhone.ActiveCfg = Release|x86
		{86EEF1B2-806C-40C9-81C7-FB6E0BA1550B}.Ad-Hoc|iPhone.Build.0 = Release|x86
		{86EEF1B2-806C-40C9-81C7-FB6E0BA1550B}.Ad-Hoc|iPhone.Deploy.0 = Release|x86
		{86EEF1B2-806C-40C9-81C7-FB6E0BA1550B}.Ad-Hoc|iPhoneSimulator.ActiveCfg = Release|x86
		{86EEF1B2-806C-40C9-81C7-FB6E0BA1550B}.Ad-Hoc|iPhoneSimulator.Build.0 = Release|x86
		{86EEF1B2-806C-40C9-81C7-FB6E0BA1550B}.Ad-Hoc|iPhoneSimulator.Deploy.0 = Release|x86
		{86EEF1B2-806C-40C9-81C7-FB6E0BA1550B}.Ad-Hoc|x64.ActiveCfg = Release|x64
		{86EEF1B2-806C-40C9-81C7-FB6E0BA1550B}.Ad-Hoc|x64.Build.0 = Release|x64
		{86EEF1B2-806C-40C9-81C7-FB6E0BA1550B}.Ad-Hoc|x64.Deploy.0 = Release|x64
		{86EEF1B2-806C-40C9-81C7-FB6E0BA1550B}.Ad-Hoc|x86.ActiveCfg = Release|x86
		{86EEF1B2-806C-40C9-81C7-FB6E0BA1550B}.Ad-Hoc|x86.Build.0 = Release|x86
		{86EEF1B2-806C-40C9-81C7-FB6E0BA1550B}.Ad-Hoc|x86.Deploy.0 = Release|x86
		{86EEF1B2-806C-40C9-81C7-FB6E0BA1550B}.AppStore|Any CPU.ActiveCfg = Release|x86
		{86EEF1B2-806C-40C9-81C7-FB6E0BA1550B}.AppStore|Any CPU.Build.0 = Release|x86
		{86EEF1B2-806C-40C9-81C7-FB6E0BA1550B}.AppStore|Any CPU.Deploy.0 = Release|x86
		{86EEF1B2-806C-40C9-81C7-FB6E0BA1550B}.AppStore|ARM.ActiveCfg = Release|ARM
		{86EEF1B2-806C-40C9-81C7-FB6E0BA1550B}.AppStore|ARM.Build.0 = Release|ARM
		{86EEF1B2-806C-40C9-81C7-FB6E0BA1550B}.AppStore|ARM.Deploy.0 = Release|ARM
		{86EEF1B2-806C-40C9-81C7-FB6E0BA1550B}.AppStore|iPhone.ActiveCfg = Release|x86
		{86EEF1B2-806C-40C9-81C7-FB6E0BA1550B}.AppStore|iPhone.Build.0 = Release|x86
		{86EEF1B2-806C-40C9-81C7-FB6E0BA1550B}.AppStore|iPhone.Deploy.0 = Release|x86
		{86EEF1B2-806C-40C9-81C7-FB6E0BA1550B}.AppStore|iPhoneSimulator.ActiveCfg = Release|x86
		{86EEF1B2-806C-40C9-81C7-FB6E0BA1550B}.AppStore|iPhoneSimulator.Build.0 = Release|x86
		{86EEF1B2-806C-40C9-81C7-FB6E0BA1550B}.AppStore|iPhoneSimulator.Deploy.0 = Release|x86
		{86EEF1B2-806C-40C9-81C7-FB6E0BA1550B}.AppStore|x64.ActiveCfg = Release|x64
		{86EEF1B2-806C-40C9-81C7-FB6E0BA1550B}.AppStore|x64.Build.0 = Release|x64
		{86EEF1B2-806C-40C9-81C7-FB6E0BA1550B}.AppStore|x64.Deploy.0 = Release|x64
		{86EEF1B2-806C-40C9-81C7-FB6E0BA1550B}.AppStore|x86.ActiveCfg = Release|x86
		{86EEF1B2-806C-40C9-81C7-FB6E0BA1550B}.AppStore|x86.Build.0 = Release|x86
		{86EEF1B2-806C-40C9-81C7-FB6E0BA1550B}.AppStore|x86.Deploy.0 = Release|x86
		{86EEF1B2-806C-40C9-81C7-FB6E0BA1550B}.Debug|Any CPU.ActiveCfg = Debug|x86
		{86EEF1B2-806C-40C9-81C7-FB6E0BA1550B}.Debug|ARM.ActiveCfg = Debug|ARM
		{86EEF1B2-806C-40C9-81C7-FB6E0BA1550B}.Debug|ARM.Build.0 = Debug|ARM
		{86EEF1B2-806C-40C9-81C7-FB6E0BA1550B}.Debug|ARM.Deploy.0 = Debug|ARM
		{86EEF1B2-806C-40C9-81C7-FB6E0BA1550B}.Debug|iPhone.ActiveCfg = Debug|x86
		{86EEF1B2-806C-40C9-81C7-FB6E0BA1550B}.Debug|iPhoneSimulator.ActiveCfg = Debug|x86
		{86EEF1B2-806C-40C9-81C7-FB6E0BA1550B}.Debug|x64.ActiveCfg = Debug|x64
		{86EEF1B2-806C-40C9-81C7-FB6E0BA1550B}.Debug|x64.Build.0 = Debug|x64
		{86EEF1B2-806C-40C9-81C7-FB6E0BA1550B}.Debug|x64.Deploy.0 = Debug|x64
		{86EEF1B2-806C-40C9-81C7-FB6E0BA1550B}.Debug|x86.ActiveCfg = Debug|x86
		{86EEF1B2-806C-40C9-81C7-FB6E0BA1550B}.Debug|x86.Build.0 = Debug|x86
		{86EEF1B2-806C-40C9-81C7-FB6E0BA1550B}.Debug|x86.Deploy.0 = Debug|x86
		{86EEF1B2-806C-40C9-81C7-FB6E0BA1550B}.Release|Any CPU.ActiveCfg = Release|x86
		{86EEF1B2-806C-40C9-81C7-FB6E0BA1550B}.Release|ARM.ActiveCfg = Release|ARM
		{86EEF1B2-806C-40C9-81C7-FB6E0BA1550B}.Release|ARM.Build.0 = Release|ARM
		{86EEF1B2-806C-40C9-81C7-FB6E0BA1550B}.Release|ARM.Deploy.0 = Release|ARM
		{86EEF1B2-806C-40C9-81C7-FB6E0BA1550B}.Release|iPhone.ActiveCfg = Release|x86
		{86EEF1B2-806C-40C9-81C7-FB6E0BA1550B}.Release|iPhoneSimulator.ActiveCfg = Release|x86
		{86EEF1B2-806C-40C9-81C7-FB6E0BA1550B}.Release|x64.ActiveCfg = Release|x64
		{86EEF1B2-806C-40C9-81C7-FB6E0BA1550B}.Release|x64.Build.0 = Release|x64
		{86EEF1B2-806C-40C9-81C7-FB6E0BA1550B}.Release|x64.Deploy.0 = Release|x64
		{86EEF1B2-806C-40C9-81C7-FB6E0BA1550B}.Release|x86.ActiveCfg = Release|x86
		{86EEF1B2-806C-40C9-81C7-FB6E0BA1550B}.Release|x86.Build.0 = Release|x86
		{86EEF1B2-806C-40C9-81C7-FB6E0BA1550B}.Release|x86.Deploy.0 = Release|x86
		{08A9B3B7-D16A-4930-B363-E82103E2E3AB}.Ad-Hoc|Any CPU.ActiveCfg = Ad-Hoc|iPhone
		{08A9B3B7-D16A-4930-B363-E82103E2E3AB}.Ad-Hoc|ARM.ActiveCfg = Ad-Hoc|iPhone
		{08A9B3B7-D16A-4930-B363-E82103E2E3AB}.Ad-Hoc|iPhone.ActiveCfg = Ad-Hoc|iPhone
		{08A9B3B7-D16A-4930-B363-E82103E2E3AB}.Ad-Hoc|iPhone.Build.0 = Ad-Hoc|iPhone
		{08A9B3B7-D16A-4930-B363-E82103E2E3AB}.Ad-Hoc|iPhoneSimulator.ActiveCfg = Ad-Hoc|iPhoneSimulator
		{08A9B3B7-D16A-4930-B363-E82103E2E3AB}.Ad-Hoc|iPhoneSimulator.Build.0 = Ad-Hoc|iPhoneSimulator
		{08A9B3B7-D16A-4930-B363-E82103E2E3AB}.Ad-Hoc|x64.ActiveCfg = Ad-Hoc|iPhone
		{08A9B3B7-D16A-4930-B363-E82103E2E3AB}.Ad-Hoc|x86.ActiveCfg = Ad-Hoc|iPhone
		{08A9B3B7-D16A-4930-B363-E82103E2E3AB}.AppStore|Any CPU.ActiveCfg = AppStore|iPhone
		{08A9B3B7-D16A-4930-B363-E82103E2E3AB}.AppStore|ARM.ActiveCfg = AppStore|iPhone
		{08A9B3B7-D16A-4930-B363-E82103E2E3AB}.AppStore|iPhone.ActiveCfg = AppStore|iPhone
		{08A9B3B7-D16A-4930-B363-E82103E2E3AB}.AppStore|iPhone.Build.0 = AppStore|iPhone
		{08A9B3B7-D16A-4930-B363-E82103E2E3AB}.AppStore|iPhoneSimulator.ActiveCfg = AppStore|iPhoneSimulator
		{08A9B3B7-D16A-4930-B363-E82103E2E3AB}.AppStore|iPhoneSimulator.Build.0 = AppStore|iPhoneSimulator
		{08A9B3B7-D16A-4930-B363-E82103E2E3AB}.AppStore|x64.ActiveCfg = AppStore|iPhone
		{08A9B3B7-D16A-4930-B363-E82103E2E3AB}.AppStore|x86.ActiveCfg = AppStore|iPhone
		{08A9B3B7-D16A-4930-B363-E82103E2E3AB}.Debug|Any CPU.ActiveCfg = Debug|iPhone
		{08A9B3B7-D16A-4930-B363-E82103E2E3AB}.Debug|ARM.ActiveCfg = Debug|iPhone
		{08A9B3B7-D16A-4930-B363-E82103E2E3AB}.Debug|iPhone.ActiveCfg = Debug|iPhone
		{08A9B3B7-D16A-4930-B363-E82103E2E3AB}.Debug|iPhone.Build.0 = Debug|iPhone
		{08A9B3B7-D16A-4930-B363-E82103E2E3AB}.Debug|iPhoneSimulator.ActiveCfg = Debug|iPhoneSimulator
		{08A9B3B7-D16A-4930-B363-E82103E2E3AB}.Debug|iPhoneSimulator.Build.0 = Debug|iPhoneSimulator
		{08A9B3B7-D16A-4930-B363-E82103E2E3AB}.Debug|x64.ActiveCfg = Debug|iPhone
		{08A9B3B7-D16A-4930-B363-E82103E2E3AB}.Debug|x86.ActiveCfg = Debug|iPhone
		{08A9B3B7-D16A-4930-B363-E82103E2E3AB}.Release|Any CPU.ActiveCfg = Release|iPhone
		{08A9B3B7-D16A-4930-B363-E82103E2E3AB}.Release|ARM.ActiveCfg = Release|iPhone
		{08A9B3B7-D16A-4930-B363-E82103E2E3AB}.Release|iPhone.ActiveCfg = Release|iPhone
		{08A9B3B7-D16A-4930-B363-E82103E2E3AB}.Release|iPhone.Build.0 = Release|iPhone
		{08A9B3B7-D16A-4930-B363-E82103E2E3AB}.Release|iPhoneSimulator.ActiveCfg = Release|iPhoneSimulator
		{08A9B3B7-D16A-4930-B363-E82103E2E3AB}.Release|iPhoneSimulator.Build.0 = Release|iPhoneSimulator
		{08A9B3B7-D16A-4930-B363-E82103E2E3AB}.Release|x64.ActiveCfg = Release|iPhone
		{08A9B3B7-D16A-4930-B363-E82103E2E3AB}.Release|x86.ActiveCfg = Release|iPhone
	EndGlobalSection
	GlobalSection(SolutionProperties) = preSolution
		HideSolutionNode = FALSE
	EndGlobalSection
EndGlobal
